
Microsoft Visual Studio Solution File, Format Version 12.00
# Visual Studio Version 16
VisualStudioVersion = 16.0.30907.101
MinimumVisualStudioVersion = 10.0.40219.1
Project("{8BC9CEB8-8B4A-11D0-8D11-00A0C91BC942}") = "BMICalculator", "BMICalculator.vcxproj", "{0535F370-DE3C-4CAE-B221-BA32349A7603}"
EndProject
Global
	GlobalSection(SolutionConfigurationPlatforms) = preSolution
		Debug|x64 = Debug|x64
		Debug|x86 = Debug|x86
		Release|x64 = Release|x64
		Release|x86 = Release|x86
	EndGlobalSection
	GlobalSection(ProjectConfigurationPlatforms) = postSolution
		{0535F370-DE3C-4CAE-B221-BA32349A7603}.Debug|x64.ActiveCfg = Debug|x64
		{0535F370-DE3C-4CAE-B221-BA32349A7603}.Debug|x64.Build.0 = Debug|x64
		{0535F370-DE3C-4CAE-B221-BA32349A7603}.Debug|x86.ActiveCfg = Debug|Win32
		{0535F370-DE3C-4CAE-B221-BA32349A7603}.Debug|x86.Build.0 = Debug|Win32
		{0535F370-DE3C-4CAE-B221-BA32349A7603}.Release|x64.ActiveCfg = Release|x64
		{0535F370-DE3C-4CAE-B221-BA32349A7603}.Release|x64.Build.0 = Release|x64
		{0535F370-DE3C-4CAE-B221-BA32349A7603}.Release|x86.ActiveCfg = Release|Win32
		{0535F370-DE3C-4CAE-B221-BA32349A7603}.Release|x86.Build.0 = Release|Win32
	EndGlobalSection
	GlobalSection(SolutionProperties) = preSolution
		HideSolutionNode = FALSE
	EndGlobalSection
	GlobalSection(ExtensibilityGlobals) = postSolution
		SolutionGuid = {632E1207-ED98-4A00-8B97-8F3036057877}
	EndGlobalSection
EndGlobal
