
Microsoft Visual Studio Solution File, Format Version 12.00
# Visual Studio Version 16
VisualStudioVersion = 16.0.31005.135
MinimumVisualStudioVersion = 10.0.40219.1
Project("{8BC9CEB8-8B4A-11D0-8D11-00A0C91BC942}") = "CPP_Structures", "CPP_Structures.vcxproj", "{565DA7EF-5F92-4542-BD14-E77051AAF48C}"
EndProject
Global
	GlobalSection(SolutionConfigurationPlatforms) = preSolution
		Debug|x64 = Debug|x64
		Debug|x86 = Debug|x86
		Release|x64 = Release|x64
		Release|x86 = Release|x86
	EndGlobalSection
	GlobalSection(ProjectConfigurationPlatforms) = postSolution
		{565DA7EF-5F92-4542-BD14-E77051AAF48C}.Debug|x64.ActiveCfg = Debug|x64
		{565DA7EF-5F92-4542-BD14-E77051AAF48C}.Debug|x64.Build.0 = Debug|x64
		{565DA7EF-5F92-4542-BD14-E77051AAF48C}.Debug|x86.ActiveCfg = Debug|Win32
		{565DA7EF-5F92-4542-BD14-E77051AAF48C}.Debug|x86.Build.0 = Debug|Win32
		{565DA7EF-5F92-4542-BD14-E77051AAF48C}.Release|x64.ActiveCfg = Release|x64
		{565DA7EF-5F92-4542-BD14-E77051AAF48C}.Release|x64.Build.0 = Release|x64
		{565DA7EF-5F92-4542-BD14-E77051AAF48C}.Release|x86.ActiveCfg = Release|Win32
		{565DA7EF-5F92-4542-BD14-E77051AAF48C}.Release|x86.Build.0 = Release|Win32
	EndGlobalSection
	GlobalSection(SolutionProperties) = preSolution
		HideSolutionNode = FALSE
	EndGlobalSection
	GlobalSection(ExtensibilityGlobals) = postSolution
		SolutionGuid = {DA5F484E-0070-4176-9913-7A5002386CF7}
	EndGlobalSection
EndGlobal
