
Microsoft Visual Studio Solution File, Format Version 12.00
# Visual Studio Version 16
VisualStudioVersion = 16.0.30907.101
MinimumVisualStudioVersion = 10.0.40219.1
Project("{8BC9CEB8-8B4A-11D0-8D11-00A0C91BC942}") = "DrawingARectangleShape", "DrawingARectangleShape.vcxproj", "{21A314EB-3439-4A6F-A2F7-495FE1DAC769}"
EndProject
Global
	GlobalSection(SolutionConfigurationPlatforms) = preSolution
		Debug|x64 = Debug|x64
		Debug|x86 = Debug|x86
		Release|x64 = Release|x64
		Release|x86 = Release|x86
	EndGlobalSection
	GlobalSection(ProjectConfigurationPlatforms) = postSolution
		{21A314EB-3439-4A6F-A2F7-495FE1DAC769}.Debug|x64.ActiveCfg = Debug|x64
		{21A314EB-3439-4A6F-A2F7-495FE1DAC769}.Debug|x64.Build.0 = Debug|x64
		{21A314EB-3439-4A6F-A2F7-495FE1DAC769}.Debug|x86.ActiveCfg = Debug|Win32
		{21A314EB-3439-4A6F-A2F7-495FE1DAC769}.Debug|x86.Build.0 = Debug|Win32
		{21A314EB-3439-4A6F-A2F7-495FE1DAC769}.Release|x64.ActiveCfg = Release|x64
		{21A314EB-3439-4A6F-A2F7-495FE1DAC769}.Release|x64.Build.0 = Release|x64
		{21A314EB-3439-4A6F-A2F7-495FE1DAC769}.Release|x86.ActiveCfg = Release|Win32
		{21A314EB-3439-4A6F-A2F7-495FE1DAC769}.Release|x86.Build.0 = Release|Win32
	EndGlobalSection
	GlobalSection(SolutionProperties) = preSolution
		HideSolutionNode = FALSE
	EndGlobalSection
	GlobalSection(ExtensibilityGlobals) = postSolution
		SolutionGuid = {93381C3F-1D33-480C-8E2B-7BD5CD4C1A6F}
	EndGlobalSection
EndGlobal
