
Microsoft Visual Studio Solution File, Format Version 12.00
# Visual Studio Version 16
VisualStudioVersion = 16.0.30907.101
MinimumVisualStudioVersion = 10.0.40219.1
Project("{8BC9CEB8-8B4A-11D0-8D11-00A0C91BC942}") = "DrawingTriangleShapes", "DrawingTriangleShapes.vcxproj", "{9492627A-0211-4252-84D5-D795B850DB11}"
EndProject
Global
	GlobalSection(SolutionConfigurationPlatforms) = preSolution
		Debug|x64 = Debug|x64
		Debug|x86 = Debug|x86
		Release|x64 = Release|x64
		Release|x86 = Release|x86
	EndGlobalSection
	GlobalSection(ProjectConfigurationPlatforms) = postSolution
		{9492627A-0211-4252-84D5-D795B850DB11}.Debug|x64.ActiveCfg = Debug|x64
		{9492627A-0211-4252-84D5-D795B850DB11}.Debug|x64.Build.0 = Debug|x64
		{9492627A-0211-4252-84D5-D795B850DB11}.Debug|x86.ActiveCfg = Debug|Win32
		{9492627A-0211-4252-84D5-D795B850DB11}.Debug|x86.Build.0 = Debug|Win32
		{9492627A-0211-4252-84D5-D795B850DB11}.Release|x64.ActiveCfg = Release|x64
		{9492627A-0211-4252-84D5-D795B850DB11}.Release|x64.Build.0 = Release|x64
		{9492627A-0211-4252-84D5-D795B850DB11}.Release|x86.ActiveCfg = Release|Win32
		{9492627A-0211-4252-84D5-D795B850DB11}.Release|x86.Build.0 = Release|Win32
	EndGlobalSection
	GlobalSection(SolutionProperties) = preSolution
		HideSolutionNode = FALSE
	EndGlobalSection
	GlobalSection(ExtensibilityGlobals) = postSolution
		SolutionGuid = {E7BD7521-C475-4BFF-9046-2BC5A18E4BE1}
	EndGlobalSection
EndGlobal
