
Microsoft Visual Studio Solution File, Format Version 12.00
# Visual Studio Version 16
VisualStudioVersion = 16.0.30907.101
MinimumVisualStudioVersion = 10.0.40219.1
Project("{8BC9CEB8-8B4A-11D0-8D11-00A0C91BC942}") = "FirstApp", "FirstApp.vcxproj", "{648C16CC-3E86-4981-85EC-9C3432422E01}"
EndProject
Global
	GlobalSection(SolutionConfigurationPlatforms) = preSolution
		Debug|x64 = Debug|x64
		Debug|x86 = Debug|x86
		Release|x64 = Release|x64
		Release|x86 = Release|x86
	EndGlobalSection
	GlobalSection(ProjectConfigurationPlatforms) = postSolution
		{648C16CC-3E86-4981-85EC-9C3432422E01}.Debug|x64.ActiveCfg = Debug|x64
		{648C16CC-3E86-4981-85EC-9C3432422E01}.Debug|x64.Build.0 = Debug|x64
		{648C16CC-3E86-4981-85EC-9C3432422E01}.Debug|x86.ActiveCfg = Debug|Win32
		{648C16CC-3E86-4981-85EC-9C3432422E01}.Debug|x86.Build.0 = Debug|Win32
		{648C16CC-3E86-4981-85EC-9C3432422E01}.Release|x64.ActiveCfg = Release|x64
		{648C16CC-3E86-4981-85EC-9C3432422E01}.Release|x64.Build.0 = Release|x64
		{648C16CC-3E86-4981-85EC-9C3432422E01}.Release|x86.ActiveCfg = Release|Win32
		{648C16CC-3E86-4981-85EC-9C3432422E01}.Release|x86.Build.0 = Release|Win32
	EndGlobalSection
	GlobalSection(SolutionProperties) = preSolution
		HideSolutionNode = FALSE
	EndGlobalSection
	GlobalSection(ExtensibilityGlobals) = postSolution
		SolutionGuid = {CC8CA729-9C2D-4468-B51E-B2B47F25A958}
	EndGlobalSection
EndGlobal
